{
  "name": "st_pax_tracker",
  "requires": true,
  "lockfileVersion": 1,
  "dependencies": {
    "@fortawesome/fontawesome-free": {
      "version": "5.11.2"
    },
    "clipboard": {
      "version": "2.0.4",
      "resolved": "https://registry.npmjs.org/clipboard/-/clipboard-2.0.4.tgz",
      "integrity": "sha512-Vw26VSLRpJfBofiVaFb/I8PVfdI1OxKcYShe6fm0sP/DtmiWQNCjhM/okTvdCo0G+lMMm1rMYbk4IK4x1X+kgQ==",
      "requires": {
        "good-listener": "^1.2.2",
        "select": "^1.1.2",
        "tiny-emitter": "^2.0.0"
      }
    },
    "datatables.net-fixedheader": {
      "version": "3.1.6",
      "resolved": "https://registry.npmjs.org/datatables.net-fixedheader/-/datatables.net-fixedheader-3.1.6.tgz",
      "integrity": "sha512-EMx2JogtXEQObaF7ylgB+pY4/vWhu/plTZNf5EvNMAboRha6FT4+14CHIyARVM/bjySPU+6advtft02pW3KxJg==",
      "requires": {
        "datatables.net": "^1.10.15",
        "jquery": ">=1.7"
      },
      "dependencies": {
        "datatables.net": {
          "version": "1.10.20",
          "resolved": "https://registry.npmjs.org/datatables.net/-/datatables.net-1.10.20.tgz",
          "integrity": "sha512-4E4S7tTU607N3h0fZPkGmAtr9mwy462u+VJ6gxYZ8MxcRIjZqHy3Dv1GNry7i3zQCktTdWbULVKBbkAJkuHEnQ==",
          "requires": {
            "jquery": ">=1.7"
          }
        },
        "jquery": {
          "version": "3.4.1",
          "resolved": "https://registry.npmjs.org/jquery/-/jquery-3.4.1.tgz",
          "integrity": "sha512-36+AdBzCL+y6qjw5Tx7HgzeGCzC81MDDgaUP8ld2zhx58HdqXGoBd+tHdrBMiyjGQs0Hxs/MLZTu/eHNJJuWPw=="
        }
      }
    },
    "datatables.net-fixedheader-bs4": {
      "version": "3.1.6",
      "requires": {
        "datatables.net-bs4": "^1.10.15",
        "datatables.net-fixedheader": "3.1.6",
        "jquery": ">=1.7"
      },
      "dependencies": {
        "datatables.net": {
          "version": "1.10.20",
          "resolved": "https://registry.npmjs.org/datatables.net/-/datatables.net-1.10.20.tgz",
          "integrity": "sha512-4E4S7tTU607N3h0fZPkGmAtr9mwy462u+VJ6gxYZ8MxcRIjZqHy3Dv1GNry7i3zQCktTdWbULVKBbkAJkuHEnQ==",
          "requires": {
            "jquery": ">=1.7"
          }
        },
        "datatables.net-bs4": {
          "version": "1.10.20",
          "resolved": "https://registry.npmjs.org/datatables.net-bs4/-/datatables.net-bs4-1.10.20.tgz",
          "integrity": "sha512-kQmMUMsHMOlAW96ztdoFqjSbLnlGZQ63iIM82kHbmldsfYdzuyhbb4hTx6YNBi481WCO3iPSvI6YodNec46ZAw==",
          "requires": {
            "datatables.net": "1.10.20",
            "jquery": ">=1.7"
          }
        },
        "jquery": {
          "version": "3.4.1",
          "resolved": "https://registry.npmjs.org/jquery/-/jquery-3.4.1.tgz",
          "integrity": "sha512-36+AdBzCL+y6qjw5Tx7HgzeGCzC81MDDgaUP8ld2zhx58HdqXGoBd+tHdrBMiyjGQs0Hxs/MLZTu/eHNJJuWPw=="
        }
      }
    },
    "delegate": {
      "version": "3.2.0",
      "resolved": "https://registry.npmjs.org/delegate/-/delegate-3.2.0.tgz",
      "integrity": "sha512-IofjkYBZaZivn0V8nnsMJGBr4jVLxHDheKSW88PyxS5QC4Vo9ZbZVvhzlSxY87fVq3STR6r+4cGepyHkcWOQSw=="
    },
    "good-listener": {
      "version": "1.2.2",
      "resolved": "https://registry.npmjs.org/good-listener/-/good-listener-1.2.2.tgz",
      "integrity": "sha1-1TswzfkxPf+33JoNR3CWqm0UXFA=",
      "requires": {
        "delegate": "^3.1.2"
      }
    },
    "jquery-ui": {
      "version": "1.12.1"
    },
    "moment": {
      "version": "2.19.3"
    },
    "select": {
      "version": "1.1.2",
      "resolved": "https://registry.npmjs.org/select/-/select-1.1.2.tgz",
      "integrity": "sha1-DnNQrN7ICxEIUoeG7B1EGNEbOW0="
    },
    "tiny-emitter": {
      "version": "2.1.0",
      "resolved": "https://registry.npmjs.org/tiny-emitter/-/tiny-emitter-2.1.0.tgz",
      "integrity": "sha512-NB6Dk1A9xgQPMoGqC5CVXn123gWyte215ONT5Pp5a0yt4nlEoO1ZWeCwpncaekPHXO60i47ihFnZPiRPjRMq4Q=="
    }
  }
}
