# THIS IS AN AUTOGENERATED FILE. DO NOT EDIT THIS FILE DIRECTLY.
# yarn lockfile v1


"@fortawesome/fontawesome-free@^5.11.2":
  version "5.15.0"
  resolved "https://registry.yarnpkg.com/@fortawesome/fontawesome-free/-/fontawesome-free-5.15.0.tgz#631b04d6301fee06d4bd7a9824fe7157735cbdb6"
  integrity sha512-wXetjQBNMTP59MAYNR1tdahMDOLx3FYj3PKdso7PLFLDpTvmAIqhSSEqnSTmWKahRjD+Sh5I5635+5qaoib5lw==

clipboard@^2.0.4:
  version "2.0.6"
  resolved "https://registry.yarnpkg.com/clipboard/-/clipboard-2.0.6.tgz#52921296eec0fdf77ead1749421b21c968647376"
  integrity sha512-g5zbiixBRk/wyKakSwCKd7vQXDjFnAMGHoEyBogG/bw9kTD9GvdAvaoRR1ALcEzt3pVKxZR0pViekPMIS0QyGg==
  dependencies:
    good-listener "^1.2.2"
    select "^1.1.2"
    tiny-emitter "^2.0.0"

datatables.net-bs4@^1.10.15, datatables.net-bs4@^1.10.20:
  version "1.10.22"
  resolved "https://registry.yarnpkg.com/datatables.net-bs4/-/datatables.net-bs4-1.10.22.tgz#1ba03e5628841b83329069743ec389a56940234b"
  integrity sha512-si0eOiaKmuURURpXhPRba7b3vCZsVfJK8pfrlM5WtaOaCEBa62DG/S9guMxUBmcAmvEC3FA2CKc/iKya3gb9qg==
  dependencies:
    datatables.net "1.10.22"
    jquery ">=1.7"

datatables.net-fixedheader-bs4@^3.1.6:
  version "3.1.7"
  resolved "https://registry.yarnpkg.com/datatables.net-fixedheader-bs4/-/datatables.net-fixedheader-bs4-3.1.7.tgz#13e86e203a62b616f28883562f862e4c585729e8"
  integrity sha512-ahaiBOJ7OeJSMLUll7zXA03j1dvuHC3BvlCQhDZkG+vDrfGFdldd6zOhjPRdHZpmLArGGB6V270Rml8Yst3opg==
  dependencies:
    datatables.net-bs4 "^1.10.15"
    datatables.net-fixedheader "3.1.7"
    jquery ">=1.7"

datatables.net-fixedheader@3.1.7:
  version "3.1.7"
  resolved "https://registry.yarnpkg.com/datatables.net-fixedheader/-/datatables.net-fixedheader-3.1.7.tgz#d1d02f96f765e6d1877f9f799ded9b818074abaf"
  integrity sha512-WN2UFDn/i/6NAXMjyfd67Yfwm5lIdP8e1N1rBqQ30izZ8IituJKDFffVTi0y5S3SiwZzCpKFRvdLEehFtCaQng==
  dependencies:
    datatables.net "^1.10.15"
    jquery ">=1.7"

datatables.net@1.10.22, datatables.net@^1.10.15:
  version "1.10.22"
  resolved "https://registry.yarnpkg.com/datatables.net/-/datatables.net-1.10.22.tgz#975d4ffb1eb40dec5fb772eaf93796ec1a948b55"
  integrity sha512-ujn8GvkQIBYzYH54XY7OrI0Zb35TKRd9ABYfbnXgBfwTGIFT6UsmXrfHU5Yk+MSDoF0sDu2TB+31V6c+zUZ0Pw==
  dependencies:
    jquery ">=1.7"

delegate@^3.1.2:
  version "3.2.0"
  resolved "https://registry.yarnpkg.com/delegate/-/delegate-3.2.0.tgz#b66b71c3158522e8ab5744f720d8ca0c2af59166"
  integrity sha512-IofjkYBZaZivn0V8nnsMJGBr4jVLxHDheKSW88PyxS5QC4Vo9ZbZVvhzlSxY87fVq3STR6r+4cGepyHkcWOQSw==

good-listener@^1.2.2:
  version "1.2.2"
  resolved "https://registry.yarnpkg.com/good-listener/-/good-listener-1.2.2.tgz#d53b30cdf9313dffb7dc9a0d477096aa6d145c50"
  integrity sha1-1TswzfkxPf+33JoNR3CWqm0UXFA=
  dependencies:
    delegate "^3.1.2"

jquery-ui@^1.12.1:
  version "1.12.1"
  resolved "https://registry.yarnpkg.com/jquery-ui/-/jquery-ui-1.12.1.tgz#bcb4045c8dd0539c134bc1488cdd3e768a7a9e51"
  integrity sha1-vLQEXI3QU5wTS8FIjN0+dop6nlE=

jquery@>=1.7, jquery@^3.5.0:
  version "3.5.1"
  resolved "https://registry.yarnpkg.com/jquery/-/jquery-3.5.1.tgz#d7b4d08e1bfdb86ad2f1a3d039ea17304717abb5"
  integrity sha512-XwIBPqcMn57FxfT+Go5pzySnm4KWkT1Tv7gjrpT1srtf8Weynl6R273VJ5GjkRb51IzMp5nbaPjJXMWeju2MKg==

moment@^2.19.3:
  version "2.29.0"
  resolved "https://registry.yarnpkg.com/moment/-/moment-2.29.0.tgz#fcbef955844d91deb55438613ddcec56e86a3425"
  integrity sha512-z6IJ5HXYiuxvFTI6eiQ9dm77uE0gyy1yXNApVHqTcnIKfY9tIwEjlzsZ6u1LQXvVgKeTnv9Xm7NDvJ7lso3MtA==

popper.js@^1.16.0:
  version "1.16.1"
  resolved "https://registry.yarnpkg.com/popper.js/-/popper.js-1.16.1.tgz#2a223cb3dc7b6213d740e40372be40de43e65b1b"
  integrity sha512-Wb4p1J4zyFTbM+u6WuO4XstYx4Ky9Cewe4DWrel7B0w6VVICvPwdOpotjzcf6eD8TsckVnIMNONQyPIUFOUbCQ==

select@^1.1.2:
  version "1.1.2"
  resolved "https://registry.yarnpkg.com/select/-/select-1.1.2.tgz#0e7350acdec80b1108528786ec1d4418d11b396d"
  integrity sha1-DnNQrN7ICxEIUoeG7B1EGNEbOW0=

tiny-emitter@^2.0.0:
  version "2.1.0"
  resolved "https://registry.yarnpkg.com/tiny-emitter/-/tiny-emitter-2.1.0.tgz#1d1a56edfc51c43e863cbb5382a72330e3555423"
  integrity sha512-NB6Dk1A9xgQPMoGqC5CVXn123gWyte215ONT5Pp5a0yt4nlEoO1ZWeCwpncaekPHXO60i47ihFnZPiRPjRMq4Q==
