# THIS IS AN AUTOGENERATED FILE. DO NOT EDIT THIS FILE DIRECTLY.
# yarn lockfile v1


datatables.net-dt@^1.10.15:
  version "1.10.15"
  resolved "https://registry.yarnpkg.com/datatables.net-dt/-/datatables.net-dt-1.10.15.tgz#cc67136c569888acf34687e34a0aeaa99378bbc6"
  dependencies:
    datatables.net ">=1.10.9"
    jquery ">=1.7"

datatables.net@>=1.10.9, datatables.net@^1.10.15:
  version "1.10.15"
  resolved "https://registry.yarnpkg.com/datatables.net/-/datatables.net-1.10.15.tgz#c789077bbfe385e75ff5a233fa5f23251a72df68"
  dependencies:
    jquery ">=1.7"

jquery-ui@^1.12.1:
  version "1.12.1"
  resolved "https://registry.yarnpkg.com/jquery-ui/-/jquery-ui-1.12.1.tgz#bcb4045c8dd0539c134bc1488cdd3e768a7a9e51"

jquery@>=1.7, jquery@^3.4.0:
  version "3.4.0"
  resolved "https://registry.yarnpkg.com/jquery/-/jquery-3.4.0.tgz#8de513fa0fa4b2c7d2e48a530e26f0596936efdf"

moment@^2.19.3:
  version "2.19.3"
  resolved "https://registry.yarnpkg.com/moment/-/moment-2.19.3.tgz#bdb99d270d6d7fda78cc0fbace855e27fe7da69f"
